
Microsoft Visual Studio Solution File, Format Version 12.00
# Visual Studio Version 17
VisualStudioVersion = 17.7.34024.191
MinimumVisualStudioVersion = 10.0.40219.1
Project("{9A19103F-16F7-4668-BE54-9A1E7A4F7556}") = "ITLab1", "ITLab1\ITLab1.csproj", "{B16BA2A5-F6EC-4FC9-AFDA-95E8D0F08F3D}"
EndProject
Project("{9A19103F-16F7-4668-BE54-9A1E7A4F7556}") = "GUI", "GUI\GUI.csproj", "{AAFC82AE-D62A-45BA-B6FE-F248BE5A72DF}"
EndProject
Project("{FAE04EC0-301F-11D3-BF4B-00C04F79EFBC}") = "UnitTests", "UnitTests\UnitTests.csproj", "{F53CB6DC-9484-4F84-B7A6-298FE5D73BCD}"
EndProject
Global
	GlobalSection(SolutionConfigurationPlatforms) = preSolution
		Debug|Any CPU = Debug|Any CPU
		Release|Any CPU = Release|Any CPU
	EndGlobalSection
	GlobalSection(ProjectConfigurationPlatforms) = postSolution
		{B16BA2A5-F6EC-4FC9-AFDA-95E8D0F08F3D}.Debug|Any CPU.ActiveCfg = Debug|Any CPU
		{B16BA2A5-F6EC-4FC9-AFDA-95E8D0F08F3D}.Debug|Any CPU.Build.0 = Debug|Any CPU
		{B16BA2A5-F6EC-4FC9-AFDA-95E8D0F08F3D}.Release|Any CPU.ActiveCfg = Release|Any CPU
		{B16BA2A5-F6EC-4FC9-AFDA-95E8D0F08F3D}.Release|Any CPU.Build.0 = Release|Any CPU
		{AAFC82AE-D62A-45BA-B6FE-F248BE5A72DF}.Debug|Any CPU.ActiveCfg = Debug|Any CPU
		{AAFC82AE-D62A-45BA-B6FE-F248BE5A72DF}.Debug|Any CPU.Build.0 = Debug|Any CPU
		{AAFC82AE-D62A-45BA-B6FE-F248BE5A72DF}.Release|Any CPU.ActiveCfg = Release|Any CPU
		{AAFC82AE-D62A-45BA-B6FE-F248BE5A72DF}.Release|Any CPU.Build.0 = Release|Any CPU
		{F53CB6DC-9484-4F84-B7A6-298FE5D73BCD}.Debug|Any CPU.ActiveCfg = Debug|Any CPU
		{F53CB6DC-9484-4F84-B7A6-298FE5D73BCD}.Debug|Any CPU.Build.0 = Debug|Any CPU
		{F53CB6DC-9484-4F84-B7A6-298FE5D73BCD}.Release|Any CPU.ActiveCfg = Release|Any CPU
		{F53CB6DC-9484-4F84-B7A6-298FE5D73BCD}.Release|Any CPU.Build.0 = Release|Any CPU
	EndGlobalSection
	GlobalSection(SolutionProperties) = preSolution
		HideSolutionNode = FALSE
	EndGlobalSection
	GlobalSection(ExtensibilityGlobals) = postSolution
		SolutionGuid = {BFEB22E3-FED1-4D69-99B7-B379BC548F02}
	EndGlobalSection
EndGlobal
